// !$*UTF8*$!
{
	archiveVersion = 1;
	classes = {
	};
	objectVersion = 50;
	objects = {

/* Begin PBXBuildFile section */
		AC47CB9C2673BD1D00BE5970 /* SwiftfulCryptoApp.swift in Sources */ = {isa = PBXBuildFile; fileRef = AC47CB9B2673BD1D00BE5970 /* SwiftfulCryptoApp.swift */; };
		AC47CB9E2673BD1D00BE5970 /* ContentView.swift in Sources */ = {isa = PBXBuildFile; fileRef = AC47CB9D2673BD1D00BE5970 /* ContentView.swift */; };
		AC47CBA32673BD1E00BE5970 /* Preview Assets.xcassets in Resources */ = {isa = PBXBuildFile; fileRef = AC47CBA22673BD1E00BE5970 /* Preview Assets.xcassets */; };
		AC47CBAB2673BDD500BE5970 /* Assets.xcassets in Resources */ = {isa = PBXBuildFile; fileRef = AC47CBAA2673BDD500BE5970 /* Assets.xcassets */; };
		AC47CBAE2673BEB700BE5970 /* Color.swift in Sources */ = {isa = PBXBuildFile; fileRef = AC47CBAD2673BEB700BE5970 /* Color.swift */; };
		AC47CBB42673C66E00BE5970 /* HomeView.swift in Sources */ = {isa = PBXBuildFile; fileRef = AC47CBB32673C66E00BE5970 /* HomeView.swift */; };
		AC47CBB82673C71A00BE5970 /* CircleButtonView.swift in Sources */ = {isa = PBXBuildFile; fileRef = AC47CBB72673C71A00BE5970 /* CircleButtonView.swift */; };
		AC47CBBA2673C97800BE5970 /* CircleButtonAnimationView.swift in Sources */ = {isa = PBXBuildFile; fileRef = AC47CBB92673C97800BE5970 /* CircleButtonAnimationView.swift */; };
		AC47CBBD2673CC2C00BE5970 /* CoinModel.swift in Sources */ = {isa = PBXBuildFile; fileRef = AC47CBBC2673CC2C00BE5970 /* CoinModel.swift */; };
		AC47CBBF2673E2DB00BE5970 /* CoinRowView.swift in Sources */ = {isa = PBXBuildFile; fileRef = AC47CBBE2673E2DB00BE5970 /* CoinRowView.swift */; };
		AC47CBC12673E31E00BE5970 /* PreviewProvider.swift in Sources */ = {isa = PBXBuildFile; fileRef = AC47CBC02673E31E00BE5970 /* PreviewProvider.swift */; };
		AC47CBC32673E6AB00BE5970 /* Double.swift in Sources */ = {isa = PBXBuildFile; fileRef = AC47CBC22673E6AB00BE5970 /* Double.swift */; };
		AC47CBC52674105A00BE5970 /* HomeViewModel.swift in Sources */ = {isa = PBXBuildFile; fileRef = AC47CBC42674105A00BE5970 /* HomeViewModel.swift */; };
		AC47CBC82674176400BE5970 /* CoinDataService.swift in Sources */ = {isa = PBXBuildFile; fileRef = AC47CBC72674176400BE5970 /* CoinDataService.swift */; };
		AC47CBCB26743C2300BE5970 /* NetworkingManager.swift in Sources */ = {isa = PBXBuildFile; fileRef = AC47CBCA26743C2300BE5970 /* NetworkingManager.swift */; };
		AC47CBCE26752B2900BE5970 /* CoinImageView.swift in Sources */ = {isa = PBXBuildFile; fileRef = AC47CBCD26752B2900BE5970 /* CoinImageView.swift */; };
		AC47CBD026752CA900BE5970 /* CoinImageService.swift in Sources */ = {isa = PBXBuildFile; fileRef = AC47CBCF26752CA900BE5970 /* CoinImageService.swift */; };
		AC47CBD226752E7000BE5970 /* CoinImageViewModel.swift in Sources */ = {isa = PBXBuildFile; fileRef = AC47CBD126752E7000BE5970 /* CoinImageViewModel.swift */; };
		AC47CBD42675500E00BE5970 /* LocalFileManager.swift in Sources */ = {isa = PBXBuildFile; fileRef = AC47CBD32675500E00BE5970 /* LocalFileManager.swift */; };
		F8942FCA267914D1002FCD4C /* CoinDetailModel.swift in Sources */ = {isa = PBXBuildFile; fileRef = F8942FC9267914D1002FCD4C /* CoinDetailModel.swift */; };
		F8942FCC267917B6002FCD4C /* DetailViewModel.swift in Sources */ = {isa = PBXBuildFile; fileRef = F8942FCB267917B6002FCD4C /* DetailViewModel.swift */; };
		F8942FCE267917F1002FCD4C /* CoinDetailDataService.swift in Sources */ = {isa = PBXBuildFile; fileRef = F8942FCD267917F1002FCD4C /* CoinDetailDataService.swift */; };
		F8AE0FBA26759F5600D4FFDA /* SearchBarView.swift in Sources */ = {isa = PBXBuildFile; fileRef = F8AE0FB926759F5600D4FFDA /* SearchBarView.swift */; };
		F8AE0FBC2675A26E00D4FFDA /* UIApplication.swift in Sources */ = {isa = PBXBuildFile; fileRef = F8AE0FBB2675A26E00D4FFDA /* UIApplication.swift */; };
		F8AE0FBE2675A76C00D4FFDA /* StatisticModel.swift in Sources */ = {isa = PBXBuildFile; fileRef = F8AE0FBD2675A76C00D4FFDA /* StatisticModel.swift */; };
		F8AE0FC02675A85600D4FFDA /* StatisticView.swift in Sources */ = {isa = PBXBuildFile; fileRef = F8AE0FBF2675A85600D4FFDA /* StatisticView.swift */; };
		F8AE0FC22675AE0400D4FFDA /* HomeStatsView.swift in Sources */ = {isa = PBXBuildFile; fileRef = F8AE0FC12675AE0400D4FFDA /* HomeStatsView.swift */; };
		F8AE0FC42675B15600D4FFDA /* MarketDataModel.swift in Sources */ = {isa = PBXBuildFile; fileRef = F8AE0FC32675B15600D4FFDA /* MarketDataModel.swift */; };
		F8AE0FC62675B4D700D4FFDA /* MarketDataService.swift in Sources */ = {isa = PBXBuildFile; fileRef = F8AE0FC52675B4D700D4FFDA /* MarketDataService.swift */; };
		F8AE0FC82675BCAC00D4FFDA /* PortfolioView.swift in Sources */ = {isa = PBXBuildFile; fileRef = F8AE0FC72675BCAC00D4FFDA /* PortfolioView.swift */; };
		F8AE0FCA2675BEE600D4FFDA /* XMarkButton.swift in Sources */ = {isa = PBXBuildFile; fileRef = F8AE0FC92675BEE600D4FFDA /* XMarkButton.swift */; };
		F8AE0FCC2675C13400D4FFDA /* CoinLogoView.swift in Sources */ = {isa = PBXBuildFile; fileRef = F8AE0FCB2675C13400D4FFDA /* CoinLogoView.swift */; };
		F8E347542677ACFB00CE00A6 /* PortfolioContainer.xcdatamodeld in Sources */ = {isa = PBXBuildFile; fileRef = F8E347522677ACFB00CE00A6 /* PortfolioContainer.xcdatamodeld */; };
		F8E347562677AD8D00CE00A6 /* PortfolioDataService.swift in Sources */ = {isa = PBXBuildFile; fileRef = F8E347552677AD8D00CE00A6 /* PortfolioDataService.swift */; };
		F8E3475826781E6100CE00A6 /* HapticManager.swift in Sources */ = {isa = PBXBuildFile; fileRef = F8E3475726781E6100CE00A6 /* HapticManager.swift */; };
		F8E3475D2678284900CE00A6 /* DetailView.swift in Sources */ = {isa = PBXBuildFile; fileRef = F8E3475C2678284900CE00A6 /* DetailView.swift */; };
/* End PBXBuildFile section */

/* Begin PBXFileReference section */
		AC47CB982673BD1D00BE5970 /* SwiftfulCrypto.app */ = {isa = PBXFileReference; explicitFileType = wrapper.application; includeInIndex = 0; path = SwiftfulCrypto.app; sourceTree = BUILT_PRODUCTS_DIR; };
		AC47CB9B2673BD1D00BE5970 /* SwiftfulCryptoApp.swift */ = {isa = PBXFileReference; lastKnownFileType = sourcecode.swift; path = SwiftfulCryptoApp.swift; sourceTree = "<group>"; };
		AC47CB9D2673BD1D00BE5970 /* ContentView.swift */ = {isa = PBXFileReference; lastKnownFileType = sourcecode.swift; path = ContentView.swift; sourceTree = "<group>"; };
		AC47CBA22673BD1E00BE5970 /* Preview Assets.xcassets */ = {isa = PBXFileReference; lastKnownFileType = folder.assetcatalog; path = "Preview Assets.xcassets"; sourceTree = "<group>"; };
		AC47CBA42673BD1E00BE5970 /* Info.plist */ = {isa = PBXFileReference; lastKnownFileType = text.plist.xml; path = Info.plist; sourceTree = "<group>"; };
		AC47CBAA2673BDD500BE5970 /* Assets.xcassets */ = {isa = PBXFileReference; lastKnownFileType = folder.assetcatalog; name = Assets.xcassets; path = ../../../Downloads/Resources/Assets.xcassets; sourceTree = "<group>"; };
		AC47CBAD2673BEB700BE5970 /* Color.swift */ = {isa = PBXFileReference; lastKnownFileType = sourcecode.swift; path = Color.swift; sourceTree = "<group>"; };
		AC47CBB32673C66E00BE5970 /* HomeView.swift */ = {isa = PBXFileReference; lastKnownFileType = sourcecode.swift; path = HomeView.swift; sourceTree = "<group>"; };
		AC47CBB72673C71A00BE5970 /* CircleButtonView.swift */ = {isa = PBXFileReference; lastKnownFileType = sourcecode.swift; path = CircleButtonView.swift; sourceTree = "<group>"; };
		AC47CBB92673C97800BE5970 /* CircleButtonAnimationView.swift */ = {isa = PBXFileReference; lastKnownFileType = sourcecode.swift; path = CircleButtonAnimationView.swift; sourceTree = "<group>"; };
		AC47CBBC2673CC2C00BE5970 /* CoinModel.swift */ = {isa = PBXFileReference; lastKnownFileType = sourcecode.swift; path = CoinModel.swift; sourceTree = "<group>"; };
		AC47CBBE2673E2DB00BE5970 /* CoinRowView.swift */ = {isa = PBXFileReference; lastKnownFileType = sourcecode.swift; path = CoinRowView.swift; sourceTree = "<group>"; };
		AC47CBC02673E31E00BE5970 /* PreviewProvider.swift */ = {isa = PBXFileReference; lastKnownFileType = sourcecode.swift; path = PreviewProvider.swift; sourceTree = "<group>"; };
		AC47CBC22673E6AB00BE5970 /* Double.swift */ = {isa = PBXFileReference; lastKnownFileType = sourcecode.swift; path = Double.swift; sourceTree = "<group>"; };
		AC47CBC42674105A00BE5970 /* HomeViewModel.swift */ = {isa = PBXFileReference; lastKnownFileType = sourcecode.swift; path = HomeViewModel.swift; sourceTree = "<group>"; };
		AC47CBC72674176400BE5970 /* CoinDataService.swift */ = {isa = PBXFileReference; lastKnownFileType = sourcecode.swift; path = CoinDataService.swift; sourceTree = "<group>"; };
		AC47CBCA26743C2300BE5970 /* NetworkingManager.swift */ = {isa = PBXFileReference; lastKnownFileType = sourcecode.swift; path = NetworkingManager.swift; sourceTree = "<group>"; };
		AC47CBCD26752B2900BE5970 /* CoinImageView.swift */ = {isa = PBXFileReference; lastKnownFileType = sourcecode.swift; path = CoinImageView.swift; sourceTree = "<group>"; };
		AC47CBCF26752CA900BE5970 /* CoinImageService.swift */ = {isa = PBXFileReference; lastKnownFileType = sourcecode.swift; path = CoinImageService.swift; sourceTree = "<group>"; };
		AC47CBD126752E7000BE5970 /* CoinImageViewModel.swift */ = {isa = PBXFileReference; lastKnownFileType = sourcecode.swift; path = CoinImageViewModel.swift; sourceTree = "<group>"; };
		AC47CBD32675500E00BE5970 /* LocalFileManager.swift */ = {isa = PBXFileReference; lastKnownFileType = sourcecode.swift; path = LocalFileManager.swift; sourceTree = "<group>"; };
		F8942FC9267914D1002FCD4C /* CoinDetailModel.swift */ = {isa = PBXFileReference; lastKnownFileType = sourcecode.swift; path = CoinDetailModel.swift; sourceTree = "<group>"; };
		F8942FCB267917B6002FCD4C /* DetailViewModel.swift */ = {isa = PBXFileReference; lastKnownFileType = sourcecode.swift; path = DetailViewModel.swift; sourceTree = "<group>"; };
		F8942FCD267917F1002FCD4C /* CoinDetailDataService.swift */ = {isa = PBXFileReference; lastKnownFileType = sourcecode.swift; path = CoinDetailDataService.swift; sourceTree = "<group>"; };
		F8AE0FB926759F5600D4FFDA /* SearchBarView.swift */ = {isa = PBXFileReference; lastKnownFileType = sourcecode.swift; path = SearchBarView.swift; sourceTree = "<group>"; };
		F8AE0FBB2675A26E00D4FFDA /* UIApplication.swift */ = {isa = PBXFileReference; lastKnownFileType = sourcecode.swift; path = UIApplication.swift; sourceTree = "<group>"; };
		F8AE0FBD2675A76C00D4FFDA /* StatisticModel.swift */ = {isa = PBXFileReference; lastKnownFileType = sourcecode.swift; path = StatisticModel.swift; sourceTree = "<group>"; };
		F8AE0FBF2675A85600D4FFDA /* StatisticView.swift */ = {isa = PBXFileReference; lastKnownFileType = sourcecode.swift; path = StatisticView.swift; sourceTree = "<group>"; };
		F8AE0FC12675AE0400D4FFDA /* HomeStatsView.swift */ = {isa = PBXFileReference; lastKnownFileType = sourcecode.swift; path = HomeStatsView.swift; sourceTree = "<group>"; };
		F8AE0FC32675B15600D4FFDA /* MarketDataModel.swift */ = {isa = PBXFileReference; lastKnownFileType = sourcecode.swift; path = MarketDataModel.swift; sourceTree = "<group>"; };
		F8AE0FC52675B4D700D4FFDA /* MarketDataService.swift */ = {isa = PBXFileReference; lastKnownFileType = sourcecode.swift; path = MarketDataService.swift; sourceTree = "<group>"; };
		F8AE0FC72675BCAC00D4FFDA /* PortfolioView.swift */ = {isa = PBXFileReference; lastKnownFileType = sourcecode.swift; path = PortfolioView.swift; sourceTree = "<group>"; };
		F8AE0FC92675BEE600D4FFDA /* XMarkButton.swift */ = {isa = PBXFileReference; lastKnownFileType = sourcecode.swift; path = XMarkButton.swift; sourceTree = "<group>"; };
		F8AE0FCB2675C13400D4FFDA /* CoinLogoView.swift */ = {isa = PBXFileReference; lastKnownFileType = sourcecode.swift; path = CoinLogoView.swift; sourceTree = "<group>"; };
		F8E347532677ACFB00CE00A6 /* PortfolioContainer.xcdatamodel */ = {isa = PBXFileReference; lastKnownFileType = wrapper.xcdatamodel; path = PortfolioContainer.xcdatamodel; sourceTree = "<group>"; };
		F8E347552677AD8D00CE00A6 /* PortfolioDataService.swift */ = {isa = PBXFileReference; lastKnownFileType = sourcecode.swift; path = PortfolioDataService.swift; sourceTree = "<group>"; };
		F8E3475726781E6100CE00A6 /* HapticManager.swift */ = {isa = PBXFileReference; lastKnownFileType = sourcecode.swift; path = HapticManager.swift; sourceTree = "<group>"; };
		F8E3475C2678284900CE00A6 /* DetailView.swift */ = {isa = PBXFileReference; lastKnownFileType = sourcecode.swift; path = DetailView.swift; sourceTree = "<group>"; };
/* End PBXFileReference section */

/* Begin PBXFrameworksBuildPhase section */
		AC47CB952673BD1D00BE5970 /* Frameworks */ = {
			isa = PBXFrameworksBuildPhase;
			buildActionMask = 2147483647;
			files = (
			);
			runOnlyForDeploymentPostprocessing = 0;
		};
/* End PBXFrameworksBuildPhase section */

/* Begin PBXGroup section */
		AC47CB8F2673BD1D00BE5970 = {
			isa = PBXGroup;
			children = (
				AC47CB9A2673BD1D00BE5970 /* SwiftfulCrypto */,
				AC47CB992673BD1D00BE5970 /* Products */,
			);
			sourceTree = "<group>";
		};
		AC47CB992673BD1D00BE5970 /* Products */ = {
			isa = PBXGroup;
			children = (
				AC47CB982673BD1D00BE5970 /* SwiftfulCrypto.app */,
			);
			name = Products;
			sourceTree = "<group>";
		};
		AC47CB9A2673BD1D00BE5970 /* SwiftfulCrypto */ = {
			isa = PBXGroup;
			children = (
				AC47CB9B2673BD1D00BE5970 /* SwiftfulCryptoApp.swift */,
				AC47CBC926743BD200BE5970 /* Utilities */,
				AC47CBAC2673BEA500BE5970 /* Extensions */,
				AC47CBC62674174300BE5970 /* Services */,
				AC47CBBB2673CC1200BE5970 /* Models */,
				AC47CBAF2673C60700BE5970 /* Core */,
				AC47CB9D2673BD1D00BE5970 /* ContentView.swift */,
				AC47CBAA2673BDD500BE5970 /* Assets.xcassets */,
				AC47CBA42673BD1E00BE5970 /* Info.plist */,
				AC47CBA12673BD1E00BE5970 /* Preview Content */,
			);
			path = SwiftfulCrypto;
			sourceTree = "<group>";
		};
		AC47CBA12673BD1E00BE5970 /* Preview Content */ = {
			isa = PBXGroup;
			children = (
				AC47CBA22673BD1E00BE5970 /* Preview Assets.xcassets */,
			);
			path = "Preview Content";
			sourceTree = "<group>";
		};
		AC47CBAC2673BEA500BE5970 /* Extensions */ = {
			isa = PBXGroup;
			children = (
				AC47CBAD2673BEB700BE5970 /* Color.swift */,
				AC47CBC02673E31E00BE5970 /* PreviewProvider.swift */,
				AC47CBC22673E6AB00BE5970 /* Double.swift */,
				F8AE0FBB2675A26E00D4FFDA /* UIApplication.swift */,
			);
			path = Extensions;
			sourceTree = "<group>";
		};
		AC47CBAF2673C60700BE5970 /* Core */ = {
			isa = PBXGroup;
			children = (
				AC47CBB52673C6F600BE5970 /* Components */,
				AC47CBB02673C61A00BE5970 /* Home */,
				F8E347592678281200CE00A6 /* Detail */,
			);
			path = Core;
			sourceTree = "<group>";
		};
		AC47CBB02673C61A00BE5970 /* Home */ = {
			isa = PBXGroup;
			children = (
				AC47CBB22673C65000BE5970 /* ViewModels */,
				AC47CBB12673C62E00BE5970 /* Views */,
			);
			path = Home;
			sourceTree = "<group>";
		};
		AC47CBB12673C62E00BE5970 /* Views */ = {
			isa = PBXGroup;
			children = (
				AC47CBB32673C66E00BE5970 /* HomeView.swift */,
				AC47CBBE2673E2DB00BE5970 /* CoinRowView.swift */,
				F8AE0FC12675AE0400D4FFDA /* HomeStatsView.swift */,
				F8AE0FC72675BCAC00D4FFDA /* PortfolioView.swift */,
			);
			path = Views;
			sourceTree = "<group>";
		};
		AC47CBB22673C65000BE5970 /* ViewModels */ = {
			isa = PBXGroup;
			children = (
				AC47CBC42674105A00BE5970 /* HomeViewModel.swift */,
			);
			path = ViewModels;
			sourceTree = "<group>";
		};
		AC47CBB52673C6F600BE5970 /* Components */ = {
			isa = PBXGroup;
			children = (
				AC47CBCC26752B1400BE5970 /* CoinImage */,
				AC47CBB62673C70400BE5970 /* CircleButton */,
				F8AE0FB926759F5600D4FFDA /* SearchBarView.swift */,
				F8AE0FBF2675A85600D4FFDA /* StatisticView.swift */,
				F8AE0FC92675BEE600D4FFDA /* XMarkButton.swift */,
			);
			path = Components;
			sourceTree = "<group>";
		};
		AC47CBB62673C70400BE5970 /* CircleButton */ = {
			isa = PBXGroup;
			children = (
				AC47CBB72673C71A00BE5970 /* CircleButtonView.swift */,
				AC47CBB92673C97800BE5970 /* CircleButtonAnimationView.swift */,
			);
			path = CircleButton;
			sourceTree = "<group>";
		};
		AC47CBBB2673CC1200BE5970 /* Models */ = {
			isa = PBXGroup;
			children = (
				AC47CBBC2673CC2C00BE5970 /* CoinModel.swift */,
				F8942FC9267914D1002FCD4C /* CoinDetailModel.swift */,
				F8AE0FBD2675A76C00D4FFDA /* StatisticModel.swift */,
				F8AE0FC32675B15600D4FFDA /* MarketDataModel.swift */,
				F8E347522677ACFB00CE00A6 /* PortfolioContainer.xcdatamodeld */,
			);
			path = Models;
			sourceTree = "<group>";
		};
		AC47CBC62674174300BE5970 /* Services */ = {
			isa = PBXGroup;
			children = (
				AC47CBC72674176400BE5970 /* CoinDataService.swift */,
				F8942FCD267917F1002FCD4C /* CoinDetailDataService.swift */,
				AC47CBCF26752CA900BE5970 /* CoinImageService.swift */,
				F8AE0FC52675B4D700D4FFDA /* MarketDataService.swift */,
				F8E347552677AD8D00CE00A6 /* PortfolioDataService.swift */,
			);
			path = Services;
			sourceTree = "<group>";
		};
		AC47CBC926743BD200BE5970 /* Utilities */ = {
			isa = PBXGroup;
			children = (
				AC47CBCA26743C2300BE5970 /* NetworkingManager.swift */,
				AC47CBD32675500E00BE5970 /* LocalFileManager.swift */,
				F8E3475726781E6100CE00A6 /* HapticManager.swift */,
			);
			path = Utilities;
			sourceTree = "<group>";
		};
		AC47CBCC26752B1400BE5970 /* CoinImage */ = {
			isa = PBXGroup;
			children = (
				AC47CBCD26752B2900BE5970 /* CoinImageView.swift */,
				AC47CBD126752E7000BE5970 /* CoinImageViewModel.swift */,
				F8AE0FCB2675C13400D4FFDA /* CoinLogoView.swift */,
			);
			path = CoinImage;
			sourceTree = "<group>";
		};
		F8E347592678281200CE00A6 /* Detail */ = {
			isa = PBXGroup;
			children = (
				F8E3475B2678283700CE00A6 /* ViewModels */,
				F8E3475A2678283200CE00A6 /* Views */,
			);
			path = Detail;
			sourceTree = "<group>";
		};
		F8E3475A2678283200CE00A6 /* Views */ = {
			isa = PBXGroup;
			children = (
				F8E3475C2678284900CE00A6 /* DetailView.swift */,
			);
			path = Views;
			sourceTree = "<group>";
		};
		F8E3475B2678283700CE00A6 /* ViewModels */ = {
			isa = PBXGroup;
			children = (
				F8942FCB267917B6002FCD4C /* DetailViewModel.swift */,
			);
			path = ViewModels;
			sourceTree = "<group>";
		};
/* End PBXGroup section */

/* Begin PBXNativeTarget section */
		AC47CB972673BD1D00BE5970 /* SwiftfulCrypto */ = {
			isa = PBXNativeTarget;
			buildConfigurationList = AC47CBA72673BD1E00BE5970 /* Build configuration list for PBXNativeTarget "SwiftfulCrypto" */;
			buildPhases = (
				AC47CB942673BD1D00BE5970 /* Sources */,
				AC47CB952673BD1D00BE5970 /* Frameworks */,
				AC47CB962673BD1D00BE5970 /* Resources */,
			);
			buildRules = (
			);
			dependencies = (
			);
			name = SwiftfulCrypto;
			productName = SwiftfulCrypto;
			productReference = AC47CB982673BD1D00BE5970 /* SwiftfulCrypto.app */;
			productType = "com.apple.product-type.application";
		};
/* End PBXNativeTarget section */

/* Begin PBXProject section */
		AC47CB902673BD1D00BE5970 /* Project object */ = {
			isa = PBXProject;
			attributes = {
				LastSwiftUpdateCheck = 1250;
				LastUpgradeCheck = 1250;
				TargetAttributes = {
					AC47CB972673BD1D00BE5970 = {
						CreatedOnToolsVersion = 12.5;
					};
				};
			};
			buildConfigurationList = AC47CB932673BD1D00BE5970 /* Build configuration list for PBXProject "SwiftfulCrypto" */;
			compatibilityVersion = "Xcode 9.3";
			developmentRegion = en;
			hasScannedForEncodings = 0;
			knownRegions = (
				en,
				Base,
			);
			mainGroup = AC47CB8F2673BD1D00BE5970;
			productRefGroup = AC47CB992673BD1D00BE5970 /* Products */;
			projectDirPath = "";
			projectRoot = "";
			targets = (
				AC47CB972673BD1D00BE5970 /* SwiftfulCrypto */,
			);
		};
/* End PBXProject section */

/* Begin PBXResourcesBuildPhase section */
		AC47CB962673BD1D00BE5970 /* Resources */ = {
			isa = PBXResourcesBuildPhase;
			buildActionMask = 2147483647;
			files = (
				AC47CBA32673BD1E00BE5970 /* Preview Assets.xcassets in Resources */,
				AC47CBAB2673BDD500BE5970 /* Assets.xcassets in Resources */,
			);
			runOnlyForDeploymentPostprocessing = 0;
		};
/* End PBXResourcesBuildPhase section */

/* Begin PBXSourcesBuildPhase section */
		AC47CB942673BD1D00BE5970 /* Sources */ = {
			isa = PBXSourcesBuildPhase;
			buildActionMask = 2147483647;
			files = (
				F8E347542677ACFB00CE00A6 /* PortfolioContainer.xcdatamodeld in Sources */,
				F8AE0FBE2675A76C00D4FFDA /* StatisticModel.swift in Sources */,
				AC47CBC82674176400BE5970 /* CoinDataService.swift in Sources */,
				AC47CBBF2673E2DB00BE5970 /* CoinRowView.swift in Sources */,
				F8AE0FCA2675BEE600D4FFDA /* XMarkButton.swift in Sources */,
				AC47CBC52674105A00BE5970 /* HomeViewModel.swift in Sources */,
				AC47CB9E2673BD1D00BE5970 /* ContentView.swift in Sources */,
				AC47CBD42675500E00BE5970 /* LocalFileManager.swift in Sources */,
				F8AE0FC42675B15600D4FFDA /* MarketDataModel.swift in Sources */,
				AC47CBB42673C66E00BE5970 /* HomeView.swift in Sources */,
				F8AE0FC02675A85600D4FFDA /* StatisticView.swift in Sources */,
				AC47CBCE26752B2900BE5970 /* CoinImageView.swift in Sources */,
				AC47CB9C2673BD1D00BE5970 /* SwiftfulCryptoApp.swift in Sources */,
				F8AE0FBC2675A26E00D4FFDA /* UIApplication.swift in Sources */,
				AC47CBB82673C71A00BE5970 /* CircleButtonView.swift in Sources */,
				AC47CBAE2673BEB700BE5970 /* Color.swift in Sources */,
				F8E3475D2678284900CE00A6 /* DetailView.swift in Sources */,
				F8E3475826781E6100CE00A6 /* HapticManager.swift in Sources */,
				F8AE0FBA26759F5600D4FFDA /* SearchBarView.swift in Sources */,
				AC47CBCB26743C2300BE5970 /* NetworkingManager.swift in Sources */,
				F8AE0FCC2675C13400D4FFDA /* CoinLogoView.swift in Sources */,
				F8AE0FC22675AE0400D4FFDA /* HomeStatsView.swift in Sources */,
				F8AE0FC62675B4D700D4FFDA /* MarketDataService.swift in Sources */,
				AC47CBBA2673C97800BE5970 /* CircleButtonAnimationView.swift in Sources */,
				AC47CBD226752E7000BE5970 /* CoinImageViewModel.swift in Sources */,
				AC47CBC12673E31E00BE5970 /* PreviewProvider.swift in Sources */,
				F8AE0FC82675BCAC00D4FFDA /* PortfolioView.swift in Sources */,
				AC47CBC32673E6AB00BE5970 /* Double.swift in Sources */,
				AC47CBD026752CA900BE5970 /* CoinImageService.swift in Sources */,
				F8942FCA267914D1002FCD4C /* CoinDetailModel.swift in Sources */,
				AC47CBBD2673CC2C00BE5970 /* CoinModel.swift in Sources */,
				F8942FCE267917F1002FCD4C /* CoinDetailDataService.swift in Sources */,
				F8942FCC267917B6002FCD4C /* DetailViewModel.swift in Sources */,
				F8E347562677AD8D00CE00A6 /* PortfolioDataService.swift in Sources */,
			);
			runOnlyForDeploymentPostprocessing = 0;
		};
/* End PBXSourcesBuildPhase section */

/* Begin XCBuildConfiguration section */
		AC47CBA52673BD1E00BE5970 /* Debug */ = {
			isa = XCBuildConfiguration;
			buildSettings = {
				ALWAYS_SEARCH_USER_PATHS = NO;
				CLANG_ANALYZER_NONNULL = YES;
				CLANG_ANALYZER_NUMBER_OBJECT_CONVERSION = YES_AGGRESSIVE;
				CLANG_CXX_LANGUAGE_STANDARD = "gnu++14";
				CLANG_CXX_LIBRARY = "libc++";
				CLANG_ENABLE_MODULES = YES;
				CLANG_ENABLE_OBJC_ARC = YES;
				CLANG_ENABLE_OBJC_WEAK = YES;
				CLANG_WARN_BLOCK_CAPTURE_AUTORELEASING = YES;
				CLANG_WARN_BOOL_CONVERSION = YES;
				CLANG_WARN_COMMA = YES;
				CLANG_WARN_CONSTANT_CONVERSION = YES;
				CLANG_WARN_DEPRECATED_OBJC_IMPLEMENTATIONS = YES;
				CLANG_WARN_DIRECT_OBJC_ISA_USAGE = YES_ERROR;
				CLANG_WARN_DOCUMENTATION_COMMENTS = YES;
				CLANG_WARN_EMPTY_BODY = YES;
				CLANG_WARN_ENUM_CONVERSION = YES;
				CLANG_WARN_INFINITE_RECURSION = YES;
				CLANG_WARN_INT_CONVERSION = YES;
				CLANG_WARN_NON_LITERAL_NULL_CONVERSION = YES;
				CLANG_WARN_OBJC_IMPLICIT_RETAIN_SELF = YES;
				CLANG_WARN_OBJC_LITERAL_CONVERSION = YES;
				CLANG_WARN_OBJC_ROOT_CLASS = YES_ERROR;
				CLANG_WARN_QUOTED_INCLUDE_IN_FRAMEWORK_HEADER = YES;
				CLANG_WARN_RANGE_LOOP_ANALYSIS = YES;
				CLANG_WARN_STRICT_PROTOTYPES = YES;
				CLANG_WARN_SUSPICIOUS_MOVE = YES;
				CLANG_WARN_UNGUARDED_AVAILABILITY = YES_AGGRESSIVE;
				CLANG_WARN_UNREACHABLE_CODE = YES;
				CLANG_WARN__DUPLICATE_METHOD_MATCH = YES;
				COPY_PHASE_STRIP = NO;
				DEBUG_INFORMATION_FORMAT = dwarf;
				ENABLE_STRICT_OBJC_MSGSEND = YES;
				ENABLE_TESTABILITY = YES;
				GCC_C_LANGUAGE_STANDARD = gnu11;
				GCC_DYNAMIC_NO_PIC = NO;
				GCC_NO_COMMON_BLOCKS = YES;
				GCC_OPTIMIZATION_LEVEL = 0;
				GCC_PREPROCESSOR_DEFINITIONS = (
					"DEBUG=1",
					"$(inherited)",
				);
				GCC_WARN_64_TO_32_BIT_CONVERSION = YES;
				GCC_WARN_ABOUT_RETURN_TYPE = YES_ERROR;
				GCC_WARN_UNDECLARED_SELECTOR = YES;
				GCC_WARN_UNINITIALIZED_AUTOS = YES_AGGRESSIVE;
				GCC_WARN_UNUSED_FUNCTION = YES;
				GCC_WARN_UNUSED_VARIABLE = YES;
				IPHONEOS_DEPLOYMENT_TARGET = 14.5;
				MTL_ENABLE_DEBUG_INFO = INCLUDE_SOURCE;
				MTL_FAST_MATH = YES;
				ONLY_ACTIVE_ARCH = YES;
				SDKROOT = iphoneos;
				SWIFT_ACTIVE_COMPILATION_CONDITIONS = DEBUG;
				SWIFT_OPTIMIZATION_LEVEL = "-Onone";
			};
			name = Debug;
		};
		AC47CBA62673BD1E00BE5970 /* Release */ = {
			isa = XCBuildConfiguration;
			buildSettings = {
				ALWAYS_SEARCH_USER_PATHS = NO;
				CLANG_ANALYZER_NONNULL = YES;
				CLANG_ANALYZER_NUMBER_OBJECT_CONVERSION = YES_AGGRESSIVE;
				CLANG_CXX_LANGUAGE_STANDARD = "gnu++14";
				CLANG_CXX_LIBRARY = "libc++";
				CLANG_ENABLE_MODULES = YES;
				CLANG_ENABLE_OBJC_ARC = YES;
				CLANG_ENABLE_OBJC_WEAK = YES;
				CLANG_WARN_BLOCK_CAPTURE_AUTORELEASING = YES;
				CLANG_WARN_BOOL_CONVERSION = YES;
				CLANG_WARN_COMMA = YES;
				CLANG_WARN_CONSTANT_CONVERSION = YES;
				CLANG_WARN_DEPRECATED_OBJC_IMPLEMENTATIONS = YES;
				CLANG_WARN_DIRECT_OBJC_ISA_USAGE = YES_ERROR;
				CLANG_WARN_DOCUMENTATION_COMMENTS = YES;
				CLANG_WARN_EMPTY_BODY = YES;
				CLANG_WARN_ENUM_CONVERSION = YES;
				CLANG_WARN_INFINITE_RECURSION = YES;
				CLANG_WARN_INT_CONVERSION = YES;
				CLANG_WARN_NON_LITERAL_NULL_CONVERSION = YES;
				CLANG_WARN_OBJC_IMPLICIT_RETAIN_SELF = YES;
				CLANG_WARN_OBJC_LITERAL_CONVERSION = YES;
				CLANG_WARN_OBJC_ROOT_CLASS = YES_ERROR;
				CLANG_WARN_QUOTED_INCLUDE_IN_FRAMEWORK_HEADER = YES;
				CLANG_WARN_RANGE_LOOP_ANALYSIS = YES;
				CLANG_WARN_STRICT_PROTOTYPES = YES;
				CLANG_WARN_SUSPICIOUS_MOVE = YES;
				CLANG_WARN_UNGUARDED_AVAILABILITY = YES_AGGRESSIVE;
				CLANG_WARN_UNREACHABLE_CODE = YES;
				CLANG_WARN__DUPLICATE_METHOD_MATCH = YES;
				COPY_PHASE_STRIP = NO;
				DEBUG_INFORMATION_FORMAT = "dwarf-with-dsym";
				ENABLE_NS_ASSERTIONS = NO;
				ENABLE_STRICT_OBJC_MSGSEND = YES;
				GCC_C_LANGUAGE_STANDARD = gnu11;
				GCC_NO_COMMON_BLOCKS = YES;
				GCC_WARN_64_TO_32_BIT_CONVERSION = YES;
				GCC_WARN_ABOUT_RETURN_TYPE = YES_ERROR;
				GCC_WARN_UNDECLARED_SELECTOR = YES;
				GCC_WARN_UNINITIALIZED_AUTOS = YES_AGGRESSIVE;
				GCC_WARN_UNUSED_FUNCTION = YES;
				GCC_WARN_UNUSED_VARIABLE = YES;
				IPHONEOS_DEPLOYMENT_TARGET = 14.5;
				MTL_ENABLE_DEBUG_INFO = NO;
				MTL_FAST_MATH = YES;
				SDKROOT = iphoneos;
				SWIFT_COMPILATION_MODE = wholemodule;
				SWIFT_OPTIMIZATION_LEVEL = "-O";
				VALIDATE_PRODUCT = YES;
			};
			name = Release;
		};
		AC47CBA82673BD1E00BE5970 /* Debug */ = {
			isa = XCBuildConfiguration;
			buildSettings = {
				ASSETCATALOG_COMPILER_APPICON_NAME = AppIcon;
				ASSETCATALOG_COMPILER_GLOBAL_ACCENT_COLOR_NAME = AccentColor;
				CODE_SIGN_STYLE = Automatic;
				DEVELOPMENT_ASSET_PATHS = "\"SwiftfulCrypto/Preview Content\"";
				DEVELOPMENT_TEAM = G6J4RFMLHY;
				ENABLE_PREVIEWS = YES;
				INFOPLIST_FILE = SwiftfulCrypto/Info.plist;
				IPHONEOS_DEPLOYMENT_TARGET = 14.0;
				LD_RUNPATH_SEARCH_PATHS = (
					"$(inherited)",
					"@executable_path/Frameworks",
				);
				PRODUCT_BUNDLE_IDENTIFIER = com.frederickjavalera.SwiftfulCrypto;
				PRODUCT_NAME = "$(TARGET_NAME)";
				SWIFT_VERSION = 5.0;
				TARGETED_DEVICE_FAMILY = "1,2";
			};
			name = Debug;
		};
		AC47CBA92673BD1E00BE5970 /* Release */ = {
			isa = XCBuildConfiguration;
			buildSettings = {
				ASSETCATALOG_COMPILER_APPICON_NAME = AppIcon;
				ASSETCATALOG_COMPILER_GLOBAL_ACCENT_COLOR_NAME = AccentColor;
				CODE_SIGN_STYLE = Automatic;
				DEVELOPMENT_ASSET_PATHS = "\"SwiftfulCrypto/Preview Content\"";
				DEVELOPMENT_TEAM = G6J4RFMLHY;
				ENABLE_PREVIEWS = YES;
				INFOPLIST_FILE = SwiftfulCrypto/Info.plist;
				IPHONEOS_DEPLOYMENT_TARGET = 14.0;
				LD_RUNPATH_SEARCH_PATHS = (
					"$(inherited)",
					"@executable_path/Frameworks",
				);
				PRODUCT_BUNDLE_IDENTIFIER = com.frederickjavalera.SwiftfulCrypto;
				PRODUCT_NAME = "$(TARGET_NAME)";
				SWIFT_VERSION = 5.0;
				TARGETED_DEVICE_FAMILY = "1,2";
			};
			name = Release;
		};
/* End XCBuildConfiguration section */

/* Begin XCConfigurationList section */
		AC47CB932673BD1D00BE5970 /* Build configuration list for PBXProject "SwiftfulCrypto" */ = {
			isa = XCConfigurationList;
			buildConfigurations = (
				AC47CBA52673BD1E00BE5970 /* Debug */,
				AC47CBA62673BD1E00BE5970 /* Release */,
			);
			defaultConfigurationIsVisible = 0;
			defaultConfigurationName = Release;
		};
		AC47CBA72673BD1E00BE5970 /* Build configuration list for PBXNativeTarget "SwiftfulCrypto" */ = {
			isa = XCConfigurationList;
			buildConfigurations = (
				AC47CBA82673BD1E00BE5970 /* Debug */,
				AC47CBA92673BD1E00BE5970 /* Release */,
			);
			defaultConfigurationIsVisible = 0;
			defaultConfigurationName = Release;
		};
/* End XCConfigurationList section */

/* Begin XCVersionGroup section */
		F8E347522677ACFB00CE00A6 /* PortfolioContainer.xcdatamodeld */ = {
			isa = XCVersionGroup;
			children = (
				F8E347532677ACFB00CE00A6 /* PortfolioContainer.xcdatamodel */,
			);
			currentVersion = F8E347532677ACFB00CE00A6 /* PortfolioContainer.xcdatamodel */;
			path = PortfolioContainer.xcdatamodeld;
			sourceTree = "<group>";
			versionGroupType = wrapper.xcdatamodel;
		};
/* End XCVersionGroup section */
	};
	rootObject = AC47CB902673BD1D00BE5970 /* Project object */;
}
